# This file is automatically @generated by Cargo.
# It is not intended for manual editing.
version = 3

[[package]]
name = "ch12"
version = "0.1.0"
dependencies = [
 "indoc",
]

[[package]]
name = "indoc"
version = "2.0.3"
source = "registry+https://github.com/rust-lang/crates.io-index"
checksum = "2c785eefb63ebd0e33416dfcb8d6da0bf27ce752843a45632a67bf10d4d4b5c4"
